
Microsoft Visual Studio Solution File, Format Version 12.00
# Visual Studio Version 17
VisualStudioVersion = 17.0.31903.59
MinimumVisualStudioVersion = 10.0.40219.1
Project("{FAE04EC0-301F-11D3-BF4B-00C04F79EFBC}") = "Client", "Client\Client.csproj", "{13C6A8D3-4CD3-478C-8726-A256BEE18F3E}"
EndProject
Project("{FAE04EC0-301F-11D3-BF4B-00C04F79EFBC}") = "Shared", "Shared\Shared.csproj", "{2E8ECBDF-94C0-48CC-BE47-E3BECA77BF6D}"
EndProject
Project("{FAE04EC0-301F-11D3-BF4B-00C04F79EFBC}") = "Api", "Api\Api.csproj", "{36E8D281-AAE3-44FD-ABC0-52DB73632D8C}"
EndProject
Global
	GlobalSection(SolutionConfigurationPlatforms) = preSolution
		Debug|Any CPU = Debug|Any CPU
		Release|Any CPU = Release|Any CPU
	EndGlobalSection
	GlobalSection(SolutionProperties) = preSolution
		HideSolutionNode = FALSE
	EndGlobalSection
	GlobalSection(ProjectConfigurationPlatforms) = postSolution
		{13C6A8D3-4CD3-478C-8726-A256BEE18F3E}.Debug|Any CPU.ActiveCfg = Debug|Any CPU
		{13C6A8D3-4CD3-478C-8726-A256BEE18F3E}.Debug|Any CPU.Build.0 = Debug|Any CPU
		{13C6A8D3-4CD3-478C-8726-A256BEE18F3E}.Release|Any CPU.ActiveCfg = Release|Any CPU
		{13C6A8D3-4CD3-478C-8726-A256BEE18F3E}.Release|Any CPU.Build.0 = Release|Any CPU
		{2E8ECBDF-94C0-48CC-BE47-E3BECA77BF6D}.Debug|Any CPU.ActiveCfg = Debug|Any CPU
		{2E8ECBDF-94C0-48CC-BE47-E3BECA77BF6D}.Debug|Any CPU.Build.0 = Debug|Any CPU
		{2E8ECBDF-94C0-48CC-BE47-E3BECA77BF6D}.Release|Any CPU.ActiveCfg = Release|Any CPU
		{2E8ECBDF-94C0-48CC-BE47-E3BECA77BF6D}.Release|Any CPU.Build.0 = Release|Any CPU
		{36E8D281-AAE3-44FD-ABC0-52DB73632D8C}.Debug|Any CPU.ActiveCfg = Debug|Any CPU
		{36E8D281-AAE3-44FD-ABC0-52DB73632D8C}.Debug|Any CPU.Build.0 = Debug|Any CPU
		{36E8D281-AAE3-44FD-ABC0-52DB73632D8C}.Release|Any CPU.ActiveCfg = Release|Any CPU
		{36E8D281-AAE3-44FD-ABC0-52DB73632D8C}.Release|Any CPU.Build.0 = Release|Any CPU
	EndGlobalSection
EndGlobal
